Microsoft Visual Studio Solution File, Format Version 12.00
# 17
VisualStudioVersion = 17.11.35103.136
MinimumVisualStudioVersion = 10.0.40219.1
Project("{9A19103F-16F7-4668-BE54-9A1E7A4F7556}") = "BerryJuice", "src\BerryJuice\BerryJuice.csproj", "{FBF4B0ED-957C-4ACE-97DF-DC1EFF40F28A}"
EndProject
Project("{2150E333-8FDC-42A3-9474-1A3956D46DE8}") = "Frontend", "Frontend", "{7FCDE7F0-B65C-4927-B17E-3F73B6D508A6}"
EndProject
Project("{2150E333-8FDC-42A3-9474-1A3956D46DE8}") = "Backend", "Backend", "{B11BB5D6-6FC6-491E-96D6-703615D9976E}"
EndProject
Project("{9A19103F-16F7-4668-BE54-9A1E7A4F7556}") = "BerryJuice.WebAPI", "src\Backend\BerryJuice.WebAPI\BerryJuice.WebAPI.csproj", "{407525FC-CE9A-4C7C-9C31-485B3223F799}"
EndProject
Project("{9A19103F-16F7-4668-BE54-9A1E7A4F7556}") = "BerryJuice.Blazor", "src\Frontend\BerryJuice.Blazor\BerryJuice.Blazor.csproj", "{C9544D92-97AA-4166-A663-3A32BB9362F4}"
EndProject
Project("{9A19103F-16F7-4668-BE54-9A1E7A4F7556}") = "BerryJuice.Blazor.Client", "src\Frontend\BerryJuice.Blazor.Client\BerryJuice.Blazor.Client.csproj", "{A3CB9197-EFC2-4799-A96D-EC02A9CE8ACA}"
EndProject
Project("{2150E333-8FDC-42A3-9474-1A3956D46DE8}") = "Accounts", "Accounts", "{0CD63EAF-B70D-402F-8776-F17D3CA4E839}"
EndProject
Project("{9A19103F-16F7-4668-BE54-9A1E7A4F7556}") = "Accounts.Domain", "src\Backend\Accounts.Domain\Accounts.Domain.csproj", "{A0B146CC-71CF-4D42-A920-DBC6C9290305}"
EndProject
Project("{9A19103F-16F7-4668-BE54-9A1E7A4F7556}") = "Accounts.Application", "src\Backend\Accounts.Application\Accounts.Application.csproj", "{1CFC85E5-2611-43D6-9242-EF92EE0B03B6}"
	ProjectSection(ProjectDependencies) = postProject
		{A0B146CC-71CF-4D42-A920-DBC6C9290305} = {A0B146CC-71CF-4D42-A920-DBC6C9290305}
	EndProjectSection
EndProject
Project("{9A19103F-16F7-4668-BE54-9A1E7A4F7556}") = "Accounts.Infrastructure", "src\Backend\Accounts.Infrastructure\Accounts.Infrastructure.csproj", "{52EDD4E0-486E-4BB0-AE75-BECF29FB3142}"
	ProjectSection(ProjectDependencies) = postProject
		{1CFC85E5-2611-43D6-9242-EF92EE0B03B6} = {1CFC85E5-2611-43D6-9242-EF92EE0B03B6}
	EndProjectSection
EndProject
Project("{2150E333-8FDC-42A3-9474-1A3956D46DE8}") = "Budget", "Budget", "{1E0B9FA0-862C-4823-8640-B837379D676C}"
EndProject
Project("{9A19103F-16F7-4668-BE54-9A1E7A4F7556}") = "Budget.Application", "src\Backend\Budget.Application\Budget.Application.csproj", "{06535D9E-8B97-4B12-A1CC-F0288B2E7E02}"
EndProject
Project("{9A19103F-16F7-4668-BE54-9A1E7A4F7556}") = "Budget.Domain", "src\Backend\Budget.Domain\Budget.Domain.csproj", "{83334C21-F3A6-4CC6-9599-87AD2599B74C}"
EndProject
Project("{9A19103F-16F7-4668-BE54-9A1E7A4F7556}") = "Budget.Infrastructure", "src\Backend\Budget.Infrastructure\Budget.Infrastructure.csproj", "{726BD50A-D025-41D2-8609-E7335A473048}"
	ProjectSection(ProjectDependencies) = postProject
		{06535D9E-8B97-4B12-A1CC-F0288B2E7E02} = {06535D9E-8B97-4B12-A1CC-F0288B2E7E02}
	EndProjectSection
EndProject
Project("{2150E333-8FDC-42A3-9474-1A3956D46DE8}") = "Asset", "Asset", "{4A6A5AF0-57EC-4DA9-9CA0-F74AB181007E}"
EndProject
Project("{9A19103F-16F7-4668-BE54-9A1E7A4F7556}") = "Asset.Infrastructure", "src\Backend\Asset.Infrastructure\Asset.Infrastructure.csproj", "{CAF37FAD-6A4E-4C5C-BDED-83761D4A6AF7}"
EndProject
Project("{9A19103F-16F7-4668-BE54-9A1E7A4F7556}") = "Asset.Application", "src\Backend\Asset.Application\Asset.Application.csproj", "{6629E9A0-6861-4BBE-B26B-C8E733E9FB57}"
EndProject
Project("{9A19103F-16F7-4668-BE54-9A1E7A4F7556}") = "Asset.Domain", "src\Backend\Asset.Domain\Asset.Domain.csproj", "{BA8F5EA6-3CD3-4C23-8472-BAECECD9D01A}"
EndProject
Project("{2150E333-8FDC-42A3-9474-1A3956D46DE8}") = "Modules", "Modules", "{3A8D6BC7-0756-417B-B104-F26C66EBF2F9}"
EndProject
Project("{9A19103F-16F7-4668-BE54-9A1E7A4F7556}") = "Accounts.IntegrationEvent", "src\Backend\Accounts.IntegrationEvent\Accounts.IntegrationEvent.csproj", "{491FAAEB-5040-4174-A140-90ECC7B940AB}"
EndProject
Project("{9A19103F-16F7-4668-BE54-9A1E7A4F7556}") = "Asset.IntegrationEvent", "src\Backend\Asset.IntegrationEvent\Asset.IntegrationEvent.csproj", "{C17061EC-DF53-4656-825F-2D98330B1EAC}"
EndProject
Project("{9A19103F-16F7-4668-BE54-9A1E7A4F7556}") = "Budget.IntegrationEvent", "src\Backend\Budget.IntegrationEvent\Budget.IntegrationEvent.csproj", "{45840F17-404B-48F8-87E9-E736095E3C54}"
EndProject
Project("{2150E333-8FDC-42A3-9474-1A3956D46DE8}") = "Shared", "Shared", "{31252D6A-ABCD-444C-8B36-64943D27FACB}"
EndProject
Project("{9A19103F-16F7-4668-BE54-9A1E7A4F7556}") = "Primitives", "src\Shared\Primitives\Primitives.csproj", "{BB5E56DB-9F35-4FA7-AD66-E41ED8F66EE1}"
EndProject
Project("{9A19103F-16F7-4668-BE54-9A1E7A4F7556}") = "Utilities", "src\Shared\Utilities\Utilities.csproj", "{B38365A1-2265-4AEE-92FF-0170650C4FC6}"
EndProject
Project("{9A19103F-16F7-4668-BE54-9A1E7A4F7556}") = "BerryJuice.Infrastructure", "src\Backend\BerryJuice.Infrastructure\BerryJuice.Infrastructure.csproj", "{A3DF818B-233E-43C7-974C-B9BA3C229CD3}"
EndProject
Project("{9A19103F-16F7-4668-BE54-9A1E7A4F7556}") = "Exceptions", "src\Shared\Exceptions\Exceptions.csproj", "{D8DC82A5-711D-4CF0-972C-73143ED184B6}"
EndProject
Project("{9A19103F-16F7-4668-BE54-9A1E7A4F7556}") = "BerryJuice.Blazor.Infrastructure", "src\Frontend\BerryJuice.Blazor.Infrastructure\BerryJuice.Blazor.Infrastructure.csproj", "{3E75855E-5A71-436C-BCFD-B5AC10556978}"
EndProject
Project("{FAE04EC0-301F-11D3-BF4B-00C04F79EFBC}") = "Enums", "src\Shared\Enums\Enums.csproj", "{7F52CEE4-83E2-42CB-885A-662B5FB33256}"
EndProject
Global
	GlobalSection(SolutionConfigurationPlatforms) = preSolution
		Debug|Any CPU = Debug|Any CPU
		Release|Any CPU = Release|Any CPU
	EndGlobalSection
	GlobalSection(ProjectConfigurationPlatforms) = postSolution
		{FBF4B0ED-957C-4ACE-97DF-DC1EFF40F28A}.Debug|Any CPU.ActiveCfg = Debug|Any CPU
		{FBF4B0ED-957C-4ACE-97DF-DC1EFF40F28A}.Debug|Any CPU.Build.0 = Debug|Any CPU
		{FBF4B0ED-957C-4ACE-97DF-DC1EFF40F28A}.Release|Any CPU.ActiveCfg = Release|Any CPU
		{FBF4B0ED-957C-4ACE-97DF-DC1EFF40F28A}.Release|Any CPU.Build.0 = Release|Any CPU
		{407525FC-CE9A-4C7C-9C31-485B3223F799}.Debug|Any CPU.ActiveCfg = Debug|Any CPU
		{407525FC-CE9A-4C7C-9C31-485B3223F799}.Debug|Any CPU.Build.0 = Debug|Any CPU
		{407525FC-CE9A-4C7C-9C31-485B3223F799}.Release|Any CPU.ActiveCfg = Release|Any CPU
		{407525FC-CE9A-4C7C-9C31-485B3223F799}.Release|Any CPU.Build.0 = Release|Any CPU
		{C9544D92-97AA-4166-A663-3A32BB9362F4}.Debug|Any CPU.ActiveCfg = Debug|Any CPU
		{C9544D92-97AA-4166-A663-3A32BB9362F4}.Debug|Any CPU.Build.0 = Debug|Any CPU
		{C9544D92-97AA-4166-A663-3A32BB9362F4}.Release|Any CPU.ActiveCfg = Release|Any CPU
		{C9544D92-97AA-4166-A663-3A32BB9362F4}.Release|Any CPU.Build.0 = Release|Any CPU
		{A3CB9197-EFC2-4799-A96D-EC02A9CE8ACA}.Debug|Any CPU.ActiveCfg = Debug|Any CPU
		{A3CB9197-EFC2-4799-A96D-EC02A9CE8ACA}.Debug|Any CPU.Build.0 = Debug|Any CPU
		{A3CB9197-EFC2-4799-A96D-EC02A9CE8ACA}.Release|Any CPU.ActiveCfg = Release|Any CPU
		{A3CB9197-EFC2-4799-A96D-EC02A9CE8ACA}.Release|Any CPU.Build.0 = Release|Any CPU
		{A0B146CC-71CF-4D42-A920-DBC6C9290305}.Debug|Any CPU.ActiveCfg = Debug|Any CPU
		{A0B146CC-71CF-4D42-A920-DBC6C9290305}.Debug|Any CPU.Build.0 = Debug|Any CPU
		{A0B146CC-71CF-4D42-A920-DBC6C9290305}.Release|Any CPU.ActiveCfg = Release|Any CPU
		{A0B146CC-71CF-4D42-A920-DBC6C9290305}.Release|Any CPU.Build.0 = Release|Any CPU
		{1CFC85E5-2611-43D6-9242-EF92EE0B03B6}.Debug|Any CPU.ActiveCfg = Debug|Any CPU
		{1CFC85E5-2611-43D6-9242-EF92EE0B03B6}.Debug|Any CPU.Build.0 = Debug|Any CPU
		{1CFC85E5-2611-43D6-9242-EF92EE0B03B6}.Release|Any CPU.ActiveCfg = Release|Any CPU
		{1CFC85E5-2611-43D6-9242-EF92EE0B03B6}.Release|Any CPU.Build.0 = Release|Any CPU
		{52EDD4E0-486E-4BB0-AE75-BECF29FB3142}.Debug|Any CPU.ActiveCfg = Debug|Any CPU
		{52EDD4E0-486E-4BB0-AE75-BECF29FB3142}.Debug|Any CPU.Build.0 = Debug|Any CPU
		{52EDD4E0-486E-4BB0-AE75-BECF29FB3142}.Release|Any CPU.ActiveCfg = Release|Any CPU
		{52EDD4E0-486E-4BB0-AE75-BECF29FB3142}.Release|Any CPU.Build.0 = Release|Any CPU
		{06535D9E-8B97-4B12-A1CC-F0288B2E7E02}.Debug|Any CPU.ActiveCfg = Debug|Any CPU
		{06535D9E-8B97-4B12-A1CC-F0288B2E7E02}.Debug|Any CPU.Build.0 = Debug|Any CPU
		{06535D9E-8B97-4B12-A1CC-F0288B2E7E02}.Release|Any CPU.ActiveCfg = Release|Any CPU
		{06535D9E-8B97-4B12-A1CC-F0288B2E7E02}.Release|Any CPU.Build.0 = Release|Any CPU
		{83334C21-F3A6-4CC6-9599-87AD2599B74C}.Debug|Any CPU.ActiveCfg = Debug|Any CPU
		{83334C21-F3A6-4CC6-9599-87AD2599B74C}.Debug|Any CPU.Build.0 = Debug|Any CPU
		{83334C21-F3A6-4CC6-9599-87AD2599B74C}.Release|Any CPU.ActiveCfg = Release|Any CPU
		{83334C21-F3A6-4CC6-9599-87AD2599B74C}.Release|Any CPU.Build.0 = Release|Any CPU
		{726BD50A-D025-41D2-8609-E7335A473048}.Debug|Any CPU.ActiveCfg = Debug|Any CPU
		{726BD50A-D025-41D2-8609-E7335A473048}.Debug|Any CPU.Build.0 = Debug|Any CPU
		{726BD50A-D025-41D2-8609-E7335A473048}.Release|Any CPU.ActiveCfg = Release|Any CPU
		{726BD50A-D025-41D2-8609-E7335A473048}.Release|Any CPU.Build.0 = Release|Any CPU
		{CAF37FAD-6A4E-4C5C-BDED-83761D4A6AF7}.Debug|Any CPU.ActiveCfg = Debug|Any CPU
		{CAF37FAD-6A4E-4C5C-BDED-83761D4A6AF7}.Debug|Any CPU.Build.0 = Debug|Any CPU
		{CAF37FAD-6A4E-4C5C-BDED-83761D4A6AF7}.Release|Any CPU.ActiveCfg = Release|Any CPU
		{CAF37FAD-6A4E-4C5C-BDED-83761D4A6AF7}.Release|Any CPU.Build.0 = Release|Any CPU
		{6629E9A0-6861-4BBE-B26B-C8E733E9FB57}.Debug|Any CPU.ActiveCfg = Debug|Any CPU
		{6629E9A0-6861-4BBE-B26B-C8E733E9FB57}.Debug|Any CPU.Build.0 = Debug|Any CPU
		{6629E9A0-6861-4BBE-B26B-C8E733E9FB57}.Release|Any CPU.ActiveCfg = Release|Any CPU
		{6629E9A0-6861-4BBE-B26B-C8E733E9FB57}.Release|Any CPU.Build.0 = Release|Any CPU
		{BA8F5EA6-3CD3-4C23-8472-BAECECD9D01A}.Debug|Any CPU.ActiveCfg = Debug|Any CPU
		{BA8F5EA6-3CD3-4C23-8472-BAECECD9D01A}.Debug|Any CPU.Build.0 = Debug|Any CPU
		{BA8F5EA6-3CD3-4C23-8472-BAECECD9D01A}.Release|Any CPU.ActiveCfg = Release|Any CPU
		{BA8F5EA6-3CD3-4C23-8472-BAECECD9D01A}.Release|Any CPU.Build.0 = Release|Any CPU
		{491FAAEB-5040-4174-A140-90ECC7B940AB}.Debug|Any CPU.ActiveCfg = Debug|Any CPU
		{491FAAEB-5040-4174-A140-90ECC7B940AB}.Debug|Any CPU.Build.0 = Debug|Any CPU
		{491FAAEB-5040-4174-A140-90ECC7B940AB}.Release|Any CPU.ActiveCfg = Release|Any CPU
		{491FAAEB-5040-4174-A140-90ECC7B940AB}.Release|Any CPU.Build.0 = Release|Any CPU
		{C17061EC-DF53-4656-825F-2D98330B1EAC}.Debug|Any CPU.ActiveCfg = Debug|Any CPU
		{C17061EC-DF53-4656-825F-2D98330B1EAC}.Debug|Any CPU.Build.0 = Debug|Any CPU
		{C17061EC-DF53-4656-825F-2D98330B1EAC}.Release|Any CPU.ActiveCfg = Release|Any CPU
		{C17061EC-DF53-4656-825F-2D98330B1EAC}.Release|Any CPU.Build.0 = Release|Any CPU
		{45840F17-404B-48F8-87E9-E736095E3C54}.Debug|Any CPU.ActiveCfg = Debug|Any CPU
		{45840F17-404B-48F8-87E9-E736095E3C54}.Debug|Any CPU.Build.0 = Debug|Any CPU
		{45840F17-404B-48F8-87E9-E736095E3C54}.Release|Any CPU.ActiveCfg = Release|Any CPU
		{45840F17-404B-48F8-87E9-E736095E3C54}.Release|Any CPU.Build.0 = Release|Any CPU
		{BB5E56DB-9F35-4FA7-AD66-E41ED8F66EE1}.Debug|Any CPU.ActiveCfg = Debug|Any CPU
		{BB5E56DB-9F35-4FA7-AD66-E41ED8F66EE1}.Debug|Any CPU.Build.0 = Debug|Any CPU
		{BB5E56DB-9F35-4FA7-AD66-E41ED8F66EE1}.Release|Any CPU.ActiveCfg = Release|Any CPU
		{BB5E56DB-9F35-4FA7-AD66-E41ED8F66EE1}.Release|Any CPU.Build.0 = Release|Any CPU
		{B38365A1-2265-4AEE-92FF-0170650C4FC6}.Debug|Any CPU.ActiveCfg = Debug|Any CPU
		{B38365A1-2265-4AEE-92FF-0170650C4FC6}.Debug|Any CPU.Build.0 = Debug|Any CPU
		{B38365A1-2265-4AEE-92FF-0170650C4FC6}.Release|Any CPU.ActiveCfg = Release|Any CPU
		{B38365A1-2265-4AEE-92FF-0170650C4FC6}.Release|Any CPU.Build.0 = Release|Any CPU
		{A3DF818B-233E-43C7-974C-B9BA3C229CD3}.Debug|Any CPU.ActiveCfg = Debug|Any CPU
		{A3DF818B-233E-43C7-974C-B9BA3C229CD3}.Debug|Any CPU.Build.0 = Debug|Any CPU
		{A3DF818B-233E-43C7-974C-B9BA3C229CD3}.Release|Any CPU.ActiveCfg = Release|Any CPU
		{A3DF818B-233E-43C7-974C-B9BA3C229CD3}.Release|Any CPU.Build.0 = Release|Any CPU
		{D8DC82A5-711D-4CF0-972C-73143ED184B6}.Debug|Any CPU.ActiveCfg = Debug|Any CPU
		{D8DC82A5-711D-4CF0-972C-73143ED184B6}.Debug|Any CPU.Build.0 = Debug|Any CPU
		{D8DC82A5-711D-4CF0-972C-73143ED184B6}.Release|Any CPU.ActiveCfg = Release|Any CPU
		{D8DC82A5-711D-4CF0-972C-73143ED184B6}.Release|Any CPU.Build.0 = Release|Any CPU
		{3E75855E-5A71-436C-BCFD-B5AC10556978}.Debug|Any CPU.ActiveCfg = Debug|Any CPU
		{3E75855E-5A71-436C-BCFD-B5AC10556978}.Debug|Any CPU.Build.0 = Debug|Any CPU
		{3E75855E-5A71-436C-BCFD-B5AC10556978}.Release|Any CPU.ActiveCfg = Release|Any CPU
		{3E75855E-5A71-436C-BCFD-B5AC10556978}.Release|Any CPU.Build.0 = Release|Any CPU
		{7F52CEE4-83E2-42CB-885A-662B5FB33256}.Debug|Any CPU.ActiveCfg = Debug|Any CPU
		{7F52CEE4-83E2-42CB-885A-662B5FB33256}.Debug|Any CPU.Build.0 = Debug|Any CPU
		{7F52CEE4-83E2-42CB-885A-662B5FB33256}.Release|Any CPU.ActiveCfg = Release|Any CPU
		{7F52CEE4-83E2-42CB-885A-662B5FB33256}.Release|Any CPU.Build.0 = Release|Any CPU
	EndGlobalSection
	GlobalSection(SolutionProperties) = preSolution
		HideSolutionNode = FALSE
	EndGlobalSection
	GlobalSection(NestedProjects) = preSolution
		{407525FC-CE9A-4C7C-9C31-485B3223F799} = {B11BB5D6-6FC6-491E-96D6-703615D9976E}
		{C9544D92-97AA-4166-A663-3A32BB9362F4} = {7FCDE7F0-B65C-4927-B17E-3F73B6D508A6}
		{A3CB9197-EFC2-4799-A96D-EC02A9CE8ACA} = {7FCDE7F0-B65C-4927-B17E-3F73B6D508A6}
		{0CD63EAF-B70D-402F-8776-F17D3CA4E839} = {3A8D6BC7-0756-417B-B104-F26C66EBF2F9}
		{A0B146CC-71CF-4D42-A920-DBC6C9290305} = {0CD63EAF-B70D-402F-8776-F17D3CA4E839}
		{1CFC85E5-2611-43D6-9242-EF92EE0B03B6} = {0CD63EAF-B70D-402F-8776-F17D3CA4E839}
		{52EDD4E0-486E-4BB0-AE75-BECF29FB3142} = {0CD63EAF-B70D-402F-8776-F17D3CA4E839}
		{1E0B9FA0-862C-4823-8640-B837379D676C} = {3A8D6BC7-0756-417B-B104-F26C66EBF2F9}
		{06535D9E-8B97-4B12-A1CC-F0288B2E7E02} = {1E0B9FA0-862C-4823-8640-B837379D676C}
		{83334C21-F3A6-4CC6-9599-87AD2599B74C} = {1E0B9FA0-862C-4823-8640-B837379D676C}
		{726BD50A-D025-41D2-8609-E7335A473048} = {1E0B9FA0-862C-4823-8640-B837379D676C}
		{4A6A5AF0-57EC-4DA9-9CA0-F74AB181007E} = {3A8D6BC7-0756-417B-B104-F26C66EBF2F9}
		{CAF37FAD-6A4E-4C5C-BDED-83761D4A6AF7} = {4A6A5AF0-57EC-4DA9-9CA0-F74AB181007E}
		{6629E9A0-6861-4BBE-B26B-C8E733E9FB57} = {4A6A5AF0-57EC-4DA9-9CA0-F74AB181007E}
		{BA8F5EA6-3CD3-4C23-8472-BAECECD9D01A} = {4A6A5AF0-57EC-4DA9-9CA0-F74AB181007E}
		{3A8D6BC7-0756-417B-B104-F26C66EBF2F9} = {B11BB5D6-6FC6-491E-96D6-703615D9976E}
		{491FAAEB-5040-4174-A140-90ECC7B940AB} = {0CD63EAF-B70D-402F-8776-F17D3CA4E839}
		{C17061EC-DF53-4656-825F-2D98330B1EAC} = {4A6A5AF0-57EC-4DA9-9CA0-F74AB181007E}
		{45840F17-404B-48F8-87E9-E736095E3C54} = {1E0B9FA0-862C-4823-8640-B837379D676C}
		{BB5E56DB-9F35-4FA7-AD66-E41ED8F66EE1} = {31252D6A-ABCD-444C-8B36-64943D27FACB}
		{B38365A1-2265-4AEE-92FF-0170650C4FC6} = {31252D6A-ABCD-444C-8B36-64943D27FACB}
		{A3DF818B-233E-43C7-974C-B9BA3C229CD3} = {3A8D6BC7-0756-417B-B104-F26C66EBF2F9}
		{D8DC82A5-711D-4CF0-972C-73143ED184B6} = {31252D6A-ABCD-444C-8B36-64943D27FACB}
		{3E75855E-5A71-436C-BCFD-B5AC10556978} = {7FCDE7F0-B65C-4927-B17E-3F73B6D508A6}
		{7F52CEE4-83E2-42CB-885A-662B5FB33256} = {31252D6A-ABCD-444C-8B36-64943D27FACB}
	EndGlobalSection
	GlobalSection(ExtensibilityGlobals) = postSolution
		SolutionGuid = {3F92302E-8755-4906-818F-BBCEC313538F}
	EndGlobalSection
EndGlobal
