Microsoft Visual Studio Solution File, Format Version 12.00
# 17
VisualStudioVersion = 17.11.35103.136
MinimumVisualStudioVersion = 10.0.40219.1
Project("{9A19103F-16F7-4668-BE54-9A1E7A4F7556}") = "BerryJuice", "src\BerryJuice\BerryJuice.csproj", "{07C582D1-E7C4-494E-8FC8-A96BAEBAF1A4}"
EndProject
Project("{9A19103F-16F7-4668-BE54-9A1E7A4F7556}") = "BerryJuice.Client", "src\BerryJuice.Client\BerryJuice.Client.csproj", "{301C9E0D-5AEF-4912-9B75-2AE5655082AB}"
EndProject
Project("{FAE04EC0-301F-11D3-BF4B-00C04F79EFBC}") = "BerryJuice.WebAPI", "src\BerryJuice.WebAPI\BerryJuice.WebAPI.csproj", "{47446098-BBBF-4D5B-95E2-6AABEBFEE88F}"
EndProject
Global
	GlobalSection(SolutionConfigurationPlatforms) = preSolution
		Debug|Any CPU = Debug|Any CPU
		Release|Any CPU = Release|Any CPU
	EndGlobalSection
	GlobalSection(ProjectConfigurationPlatforms) = postSolution
		{07C582D1-E7C4-494E-8FC8-A96BAEBAF1A4}.Debug|Any CPU.ActiveCfg = Debug|Any CPU
		{07C582D1-E7C4-494E-8FC8-A96BAEBAF1A4}.Debug|Any CPU.Build.0 = Debug|Any CPU
		{07C582D1-E7C4-494E-8FC8-A96BAEBAF1A4}.Release|Any CPU.ActiveCfg = Release|Any CPU
		{07C582D1-E7C4-494E-8FC8-A96BAEBAF1A4}.Release|Any CPU.Build.0 = Release|Any CPU
		{301C9E0D-5AEF-4912-9B75-2AE5655082AB}.Debug|Any CPU.ActiveCfg = Debug|Any CPU
		{301C9E0D-5AEF-4912-9B75-2AE5655082AB}.Debug|Any CPU.Build.0 = Debug|Any CPU
		{301C9E0D-5AEF-4912-9B75-2AE5655082AB}.Release|Any CPU.ActiveCfg = Release|Any CPU
		{301C9E0D-5AEF-4912-9B75-2AE5655082AB}.Release|Any CPU.Build.0 = Release|Any CPU
		{47446098-BBBF-4D5B-95E2-6AABEBFEE88F}.Debug|Any CPU.ActiveCfg = Debug|Any CPU
		{47446098-BBBF-4D5B-95E2-6AABEBFEE88F}.Debug|Any CPU.Build.0 = Debug|Any CPU
		{47446098-BBBF-4D5B-95E2-6AABEBFEE88F}.Release|Any CPU.ActiveCfg = Release|Any CPU
		{47446098-BBBF-4D5B-95E2-6AABEBFEE88F}.Release|Any CPU.Build.0 = Release|Any CPU
	EndGlobalSection
	GlobalSection(SolutionProperties) = preSolution
		HideSolutionNode = FALSE
	EndGlobalSection
	GlobalSection(ExtensibilityGlobals) = postSolution
		SolutionGuid = {3F92302E-8755-4906-818F-BBCEC313538F}
	EndGlobalSection
EndGlobal
