Microsoft Visual Studio Solution File, Format Version 12.00
# 17
VisualStudioVersion = 17.11.35103.136
MinimumVisualStudioVersion = 10.0.40219.1
Project("{9A19103F-16F7-4668-BE54-9A1E7A4F7556}") = "BerryJuice", "src\BerryJuice\BerryJuice.csproj", "{FBF4B0ED-957C-4ACE-97DF-DC1EFF40F28A}"
EndProject
Project("{2150E333-8FDC-42A3-9474-1A3956D46DE8}") = "Frontend", "Frontend", "{7FCDE7F0-B65C-4927-B17E-3F73B6D508A6}"
EndProject
Project("{2150E333-8FDC-42A3-9474-1A3956D46DE8}") = "Backend", "Backend", "{B11BB5D6-6FC6-491E-96D6-703615D9976E}"
EndProject
Project("{9A19103F-16F7-4668-BE54-9A1E7A4F7556}") = "BerryJuice.WebAPI", "src\Backend\BerryJuice.WebAPI\BerryJuice.WebAPI.csproj", "{407525FC-CE9A-4C7C-9C31-485B3223F799}"
EndProject
Project("{9A19103F-16F7-4668-BE54-9A1E7A4F7556}") = "BerryJuice.Blazor", "src\Frontend\BerryJuice.Blazor\BerryJuice.Blazor.csproj", "{C9544D92-97AA-4166-A663-3A32BB9362F4}"
EndProject
Project("{9A19103F-16F7-4668-BE54-9A1E7A4F7556}") = "BerryJuice.Blazor.Client", "src\Frontend\BerryJuice.Blazor.Client\BerryJuice.Blazor.Client.csproj", "{A3CB9197-EFC2-4799-A96D-EC02A9CE8ACA}"
EndProject
Global
	GlobalSection(SolutionConfigurationPlatforms) = preSolution
		Debug|Any CPU = Debug|Any CPU
		Release|Any CPU = Release|Any CPU
	EndGlobalSection
	GlobalSection(ProjectConfigurationPlatforms) = postSolution
		{FBF4B0ED-957C-4ACE-97DF-DC1EFF40F28A}.Debug|Any CPU.ActiveCfg = Debug|Any CPU
		{FBF4B0ED-957C-4ACE-97DF-DC1EFF40F28A}.Debug|Any CPU.Build.0 = Debug|Any CPU
		{FBF4B0ED-957C-4ACE-97DF-DC1EFF40F28A}.Release|Any CPU.ActiveCfg = Release|Any CPU
		{FBF4B0ED-957C-4ACE-97DF-DC1EFF40F28A}.Release|Any CPU.Build.0 = Release|Any CPU
		{407525FC-CE9A-4C7C-9C31-485B3223F799}.Debug|Any CPU.ActiveCfg = Debug|Any CPU
		{407525FC-CE9A-4C7C-9C31-485B3223F799}.Debug|Any CPU.Build.0 = Debug|Any CPU
		{407525FC-CE9A-4C7C-9C31-485B3223F799}.Release|Any CPU.ActiveCfg = Release|Any CPU
		{407525FC-CE9A-4C7C-9C31-485B3223F799}.Release|Any CPU.Build.0 = Release|Any CPU
		{C9544D92-97AA-4166-A663-3A32BB9362F4}.Debug|Any CPU.ActiveCfg = Debug|Any CPU
		{C9544D92-97AA-4166-A663-3A32BB9362F4}.Debug|Any CPU.Build.0 = Debug|Any CPU
		{C9544D92-97AA-4166-A663-3A32BB9362F4}.Release|Any CPU.ActiveCfg = Release|Any CPU
		{C9544D92-97AA-4166-A663-3A32BB9362F4}.Release|Any CPU.Build.0 = Release|Any CPU
		{A3CB9197-EFC2-4799-A96D-EC02A9CE8ACA}.Debug|Any CPU.ActiveCfg = Debug|Any CPU
		{A3CB9197-EFC2-4799-A96D-EC02A9CE8ACA}.Debug|Any CPU.Build.0 = Debug|Any CPU
		{A3CB9197-EFC2-4799-A96D-EC02A9CE8ACA}.Release|Any CPU.ActiveCfg = Release|Any CPU
		{A3CB9197-EFC2-4799-A96D-EC02A9CE8ACA}.Release|Any CPU.Build.0 = Release|Any CPU
	EndGlobalSection
	GlobalSection(SolutionProperties) = preSolution
		HideSolutionNode = FALSE
	EndGlobalSection
	GlobalSection(NestedProjects) = preSolution
		{407525FC-CE9A-4C7C-9C31-485B3223F799} = {B11BB5D6-6FC6-491E-96D6-703615D9976E}
		{C9544D92-97AA-4166-A663-3A32BB9362F4} = {7FCDE7F0-B65C-4927-B17E-3F73B6D508A6}
		{A3CB9197-EFC2-4799-A96D-EC02A9CE8ACA} = {7FCDE7F0-B65C-4927-B17E-3F73B6D508A6}
	EndGlobalSection
	GlobalSection(ExtensibilityGlobals) = postSolution
		SolutionGuid = {3F92302E-8755-4906-818F-BBCEC313538F}
	EndGlobalSection
EndGlobal
